// !$*UTF8*$!
{
	archiveVersion = 1;
	classes = {
	};
	objectVersion = 50;
	objects = {

/* Begin PBXBuildFile section */
		674D840E20EDA845003DBEC0 /* libLibSolar++.a in Frameworks */ = {isa = PBXBuildFile; fileRef = 674D840D20EDA845003DBEC0 /* libLibSolar++.a */; };
		675141C520EDA7D2009EABF5 /* main.cpp in Sources */ = {isa = PBXBuildFile; fileRef = 675141C420EDA7D2009EABF5 /* main.cpp */; };
		6799E01320EEAA20008FDAEF /* DrawChart.cpp in Sources */ = {isa = PBXBuildFile; fileRef = 6799E01120EEAA20008FDAEF /* DrawChart.cpp */; };
/* End PBXBuildFile section */

/* Begin PBXCopyFilesBuildPhase section */
		675141BF20EDA7D2009EABF5 /* CopyFiles */ = {
			isa = PBXCopyFilesBuildPhase;
			buildActionMask = 2147483647;
			dstPath = /usr/share/man/man1/;
			dstSubfolderSpec = 0;
			files = (
			);
			runOnlyForDeploymentPostprocessing = 1;
		};
/* End PBXCopyFilesBuildPhase section */

/* Begin PBXFileReference section */
		674D840A20EDA829003DBEC0 /* ericsson.xpm */ = {isa = PBXFileReference; fileEncoding = 4; lastKnownFileType = text; path = ericsson.xpm; sourceTree = "<group>"; };
		674D840B20EDA829003DBEC0 /* ericsson_logo.xpm */ = {isa = PBXFileReference; fileEncoding = 4; lastKnownFileType = text; path = ericsson_logo.xpm; sourceTree = "<group>"; };
		674D840D20EDA845003DBEC0 /* libLibSolar++.a */ = {isa = PBXFileReference; explicitFileType = archive.ar; path = "libLibSolar++.a"; sourceTree = BUILT_PRODUCTS_DIR; };
		675141C120EDA7D2009EABF5 /* Charts */ = {isa = PBXFileReference; explicitFileType = "compiled.mach-o.executable"; includeInIndex = 0; path = Charts; sourceTree = BUILT_PRODUCTS_DIR; };
		675141C420EDA7D2009EABF5 /* main.cpp */ = {isa = PBXFileReference; lastKnownFileType = sourcecode.cpp.cpp; path = main.cpp; sourceTree = "<group>"; };
		6799E01120EEAA20008FDAEF /* DrawChart.cpp */ = {isa = PBXFileReference; lastKnownFileType = sourcecode.cpp.cpp; name = DrawChart.cpp; path = ../../../../desenv/xworkspace/Charts/Charts/DrawChart.cpp; sourceTree = "<group>"; };
		6799E01220EEAA20008FDAEF /* DrawChart.hpp */ = {isa = PBXFileReference; lastKnownFileType = sourcecode.cpp.h; name = DrawChart.hpp; path = ../../../../desenv/xworkspace/Charts/Charts/DrawChart.hpp; sourceTree = "<group>"; };
/* End PBXFileReference section */

/* Begin PBXFrameworksBuildPhase section */
		675141BE20EDA7D2009EABF5 /* Frameworks */ = {
			isa = PBXFrameworksBuildPhase;
			buildActionMask = 2147483647;
			files = (
				674D840E20EDA845003DBEC0 /* libLibSolar++.a in Frameworks */,
			);
			runOnlyForDeploymentPostprocessing = 0;
		};
/* End PBXFrameworksBuildPhase section */

/* Begin PBXGroup section */
		674D840920EDA829003DBEC0 /* Images */ = {
			isa = PBXGroup;
			children = (
				674D840A20EDA829003DBEC0 /* ericsson.xpm */,
				674D840B20EDA829003DBEC0 /* ericsson_logo.xpm */,
			);
			path = Images;
			sourceTree = "<group>";
		};
		674D840C20EDA845003DBEC0 /* Frameworks */ = {
			isa = PBXGroup;
			children = (
				674D840D20EDA845003DBEC0 /* libLibSolar++.a */,
			);
			name = Frameworks;
			sourceTree = "<group>";
		};
		675141B820EDA7D2009EABF5 = {
			isa = PBXGroup;
			children = (
				675141C320EDA7D2009EABF5 /* Charts */,
				675141C220EDA7D2009EABF5 /* Products */,
				674D840C20EDA845003DBEC0 /* Frameworks */,
			);
			sourceTree = "<group>";
		};
		675141C220EDA7D2009EABF5 /* Products */ = {
			isa = PBXGroup;
			children = (
				675141C120EDA7D2009EABF5 /* Charts */,
			);
			name = Products;
			sourceTree = "<group>";
		};
		675141C320EDA7D2009EABF5 /* Charts */ = {
			isa = PBXGroup;
			children = (
				674D840920EDA829003DBEC0 /* Images */,
				675141C420EDA7D2009EABF5 /* main.cpp */,
				6799E01120EEAA20008FDAEF /* DrawChart.cpp */,
				6799E01220EEAA20008FDAEF /* DrawChart.hpp */,
			);
			path = Charts;
			sourceTree = "<group>";
		};
/* End PBXGroup section */

/* Begin PBXNativeTarget section */
		675141C020EDA7D2009EABF5 /* Charts */ = {
			isa = PBXNativeTarget;
			buildConfigurationList = 675141C820EDA7D2009EABF5 /* Build configuration list for PBXNativeTarget "Charts" */;
			buildPhases = (
				675141BD20EDA7D2009EABF5 /* Sources */,
				675141BE20EDA7D2009EABF5 /* Frameworks */,
				675141BF20EDA7D2009EABF5 /* CopyFiles */,
			);
			buildRules = (
			);
			dependencies = (
			);
			name = Charts;
			productName = Charts;
			productReference = 675141C120EDA7D2009EABF5 /* Charts */;
			productType = "com.apple.product-type.tool";
		};
/* End PBXNativeTarget section */

/* Begin PBXProject section */
		675141B920EDA7D2009EABF5 /* Project object */ = {
			isa = PBXProject;
			attributes = {
				LastUpgradeCheck = 0940;
				ORGANIZATIONNAME = "GUSTAVO CAMPOS";
				TargetAttributes = {
					675141C020EDA7D2009EABF5 = {
						CreatedOnToolsVersion = 9.4.1;
					};
				};
			};
			buildConfigurationList = 675141BC20EDA7D2009EABF5 /* Build configuration list for PBXProject "Charts" */;
			compatibilityVersion = "Xcode 9.3";
			developmentRegion = en;
			hasScannedForEncodings = 0;
			knownRegions = (
				en,
			);
			mainGroup = 675141B820EDA7D2009EABF5;
			productRefGroup = 675141C220EDA7D2009EABF5 /* Products */;
			projectDirPath = "";
			projectRoot = "";
			targets = (
				675141C020EDA7D2009EABF5 /* Charts */,
			);
		};
/* End PBXProject section */

/* Begin PBXSourcesBuildPhase section */
		675141BD20EDA7D2009EABF5 /* Sources */ = {
			isa = PBXSourcesBuildPhase;
			buildActionMask = 2147483647;
			files = (
				6799E01320EEAA20008FDAEF /* DrawChart.cpp in Sources */,
				675141C520EDA7D2009EABF5 /* main.cpp in Sources */,
			);
			runOnlyForDeploymentPostprocessing = 0;
		};
/* End PBXSourcesBuildPhase section */

/* Begin XCBuildConfiguration section */
		675141C620EDA7D2009EABF5 /* Debug */ = {
			isa = XCBuildConfiguration;
			buildSettings = {
				ALWAYS_SEARCH_USER_PATHS = NO;
				CLANG_ANALYZER_NONNULL = YES;
				CLANG_ANALYZER_NUMBER_OBJECT_CONVERSION = YES_AGGRESSIVE;
				CLANG_CXX_LANGUAGE_STANDARD = "gnu++14";
				CLANG_CXX_LIBRARY = "libc++";
				CLANG_ENABLE_MODULES = YES;
				CLANG_ENABLE_OBJC_ARC = YES;
				CLANG_ENABLE_OBJC_WEAK = YES;
				CLANG_WARN_BLOCK_CAPTURE_AUTORELEASING = YES;
				CLANG_WARN_BOOL_CONVERSION = YES;
				CLANG_WARN_COMMA = YES;
				CLANG_WARN_CONSTANT_CONVERSION = YES;
				CLANG_WARN_DEPRECATED_OBJC_IMPLEMENTATIONS = YES;
				CLANG_WARN_DIRECT_OBJC_ISA_USAGE = YES_ERROR;
				CLANG_WARN_DOCUMENTATION_COMMENTS = YES;
				CLANG_WARN_EMPTY_BODY = YES;
				CLANG_WARN_ENUM_CONVERSION = YES;
				CLANG_WARN_INFINITE_RECURSION = YES;
				CLANG_WARN_INT_CONVERSION = YES;
				CLANG_WARN_NON_LITERAL_NULL_CONVERSION = YES;
				CLANG_WARN_OBJC_IMPLICIT_RETAIN_SELF = YES;
				CLANG_WARN_OBJC_LITERAL_CONVERSION = YES;
				CLANG_WARN_OBJC_ROOT_CLASS = YES_ERROR;
				CLANG_WARN_RANGE_LOOP_ANALYSIS = YES;
				CLANG_WARN_STRICT_PROTOTYPES = YES;
				CLANG_WARN_SUSPICIOUS_MOVE = YES;
				CLANG_WARN_UNGUARDED_AVAILABILITY = YES_AGGRESSIVE;
				CLANG_WARN_UNREACHABLE_CODE = YES;
				CLANG_WARN__DUPLICATE_METHOD_MATCH = YES;
				CODE_SIGN_IDENTITY = "-";
				COPY_PHASE_STRIP = NO;
				DEBUG_INFORMATION_FORMAT = dwarf;
				ENABLE_STRICT_OBJC_MSGSEND = YES;
				ENABLE_TESTABILITY = YES;
				GCC_C_LANGUAGE_STANDARD = gnu11;
				GCC_DYNAMIC_NO_PIC = NO;
				GCC_NO_COMMON_BLOCKS = YES;
				GCC_OPTIMIZATION_LEVEL = 0;
				GCC_PREPROCESSOR_DEFINITIONS = (
					"DEBUG=1",
					"$(inherited)",
				);
				GCC_WARN_64_TO_32_BIT_CONVERSION = YES;
				GCC_WARN_ABOUT_RETURN_TYPE = YES_ERROR;
				GCC_WARN_UNDECLARED_SELECTOR = YES;
				GCC_WARN_UNINITIALIZED_AUTOS = YES_AGGRESSIVE;
				GCC_WARN_UNUSED_FUNCTION = YES;
				GCC_WARN_UNUSED_VARIABLE = YES;
				MACOSX_DEPLOYMENT_TARGET = 10.13;
				MTL_ENABLE_DEBUG_INFO = YES;
				ONLY_ACTIVE_ARCH = YES;
				SDKROOT = macosx;
			};
			name = Debug;
		};
		675141C720EDA7D2009EABF5 /* Release */ = {
			isa = XCBuildConfiguration;
			buildSettings = {
				ALWAYS_SEARCH_USER_PATHS = NO;
				CLANG_ANALYZER_NONNULL = YES;
				CLANG_ANALYZER_NUMBER_OBJECT_CONVERSION = YES_AGGRESSIVE;
				CLANG_CXX_LANGUAGE_STANDARD = "gnu++14";
				CLANG_CXX_LIBRARY = "libc++";
				CLANG_ENABLE_MODULES = YES;
				CLANG_ENABLE_OBJC_ARC = YES;
				CLANG_ENABLE_OBJC_WEAK = YES;
				CLANG_WARN_BLOCK_CAPTURE_AUTORELEASING = YES;
				CLANG_WARN_BOOL_CONVERSION = YES;
				CLANG_WARN_COMMA = YES;
				CLANG_WARN_CONSTANT_CONVERSION = YES;
				CLANG_WARN_DEPRECATED_OBJC_IMPLEMENTATIONS = YES;
				CLANG_WARN_DIRECT_OBJC_ISA_USAGE = YES_ERROR;
				CLANG_WARN_DOCUMENTATION_COMMENTS = YES;
				CLANG_WARN_EMPTY_BODY = YES;
				CLANG_WARN_ENUM_CONVERSION = YES;
				CLANG_WARN_INFINITE_RECURSION = YES;
				CLANG_WARN_INT_CONVERSION = YES;
				CLANG_WARN_NON_LITERAL_NULL_CONVERSION = YES;
				CLANG_WARN_OBJC_IMPLICIT_RETAIN_SELF = YES;
				CLANG_WARN_OBJC_LITERAL_CONVERSION = YES;
				CLANG_WARN_OBJC_ROOT_CLASS = YES_ERROR;
				CLANG_WARN_RANGE_LOOP_ANALYSIS = YES;
				CLANG_WARN_STRICT_PROTOTYPES = YES;
				CLANG_WARN_SUSPICIOUS_MOVE = YES;
				CLANG_WARN_UNGUARDED_AVAILABILITY = YES_AGGRESSIVE;
				CLANG_WARN_UNREACHABLE_CODE = YES;
				CLANG_WARN__DUPLICATE_METHOD_MATCH = YES;
				CODE_SIGN_IDENTITY = "-";
				COPY_PHASE_STRIP = NO;
				DEBUG_INFORMATION_FORMAT = "dwarf-with-dsym";
				ENABLE_NS_ASSERTIONS = NO;
				ENABLE_STRICT_OBJC_MSGSEND = YES;
				GCC_C_LANGUAGE_STANDARD = gnu11;
				GCC_NO_COMMON_BLOCKS = YES;
				GCC_WARN_64_TO_32_BIT_CONVERSION = YES;
				GCC_WARN_ABOUT_RETURN_TYPE = YES_ERROR;
				GCC_WARN_UNDECLARED_SELECTOR = YES;
				GCC_WARN_UNINITIALIZED_AUTOS = YES_AGGRESSIVE;
				GCC_WARN_UNUSED_FUNCTION = YES;
				GCC_WARN_UNUSED_VARIABLE = YES;
				MACOSX_DEPLOYMENT_TARGET = 10.13;
				MTL_ENABLE_DEBUG_INFO = NO;
				SDKROOT = macosx;
			};
			name = Release;
		};
		675141C920EDA7D2009EABF5 /* Debug */ = {
			isa = XCBuildConfiguration;
			buildSettings = {
				ARCHS = "$(ARCHS_STANDARD_64_BIT)";
				CLANG_CXX_LANGUAGE_STANDARD = "c++0x";
				CLANG_CXX_LIBRARY = "compiler-default";
				CODE_SIGN_STYLE = Automatic;
				GCC_DYNAMIC_NO_PIC = YES;
				HEADER_SEARCH_PATHS = "/desenv/xworkspace/LibSolar++/";
				LIBRARY_SEARCH_PATHS = "/desenv/xworkspace/LibSolar++/";
				PRODUCT_NAME = "$(TARGET_NAME)";
			};
			name = Debug;
		};
		675141CA20EDA7D2009EABF5 /* Release */ = {
			isa = XCBuildConfiguration;
			buildSettings = {
				ARCHS = "$(ARCHS_STANDARD_64_BIT)";
				CLANG_CXX_LANGUAGE_STANDARD = "c++0x";
				CLANG_CXX_LIBRARY = "compiler-default";
				CODE_SIGN_STYLE = Automatic;
				GCC_DYNAMIC_NO_PIC = YES;
				HEADER_SEARCH_PATHS = "/desenv/xworkspace/LibSolar++/";
				LIBRARY_SEARCH_PATHS = "/desenv/xworkspace/LibSolar++/";
				PRODUCT_NAME = "$(TARGET_NAME)";
			};
			name = Release;
		};
/* End XCBuildConfiguration section */

/* Begin XCConfigurationList section */
		675141BC20EDA7D2009EABF5 /* Build configuration list for PBXProject "Charts" */ = {
			isa = XCConfigurationList;
			buildConfigurations = (
				675141C620EDA7D2009EABF5 /* Debug */,
				675141C720EDA7D2009EABF5 /* Release */,
			);
			defaultConfigurationIsVisible = 0;
			defaultConfigurationName = Release;
		};
		675141C820EDA7D2009EABF5 /* Build configuration list for PBXNativeTarget "Charts" */ = {
			isa = XCConfigurationList;
			buildConfigurations = (
				675141C920EDA7D2009EABF5 /* Debug */,
				675141CA20EDA7D2009EABF5 /* Release */,
			);
			defaultConfigurationIsVisible = 0;
			defaultConfigurationName = Release;
		};
/* End XCConfigurationList section */
	};
	rootObject = 675141B920EDA7D2009EABF5 /* Project object */;
}
